
Microsoft Visual Studio Solution File, Format Version 12.00
# Visual Studio Version 17
VisualStudioVersion = 17.7.34024.191
MinimumVisualStudioVersion = 10.0.40219.1
Project("{FAE04EC0-301F-11D3-BF4B-00C04F79EFBC}") = "lab_08", "lab_08\lab_08.csproj", "{506A8D72-2A58-46A5-B5A1-46933F4797C2}"
EndProject
Project("{FAE04EC0-301F-11D3-BF4B-00C04F79EFBC}") = "AnimalLibrary", "AnimalLibrary\AnimalLibrary.csproj", "{99B472F2-E55D-47A9-8771-F0BCD8CE1BC8}"
EndProject
Project("{FAE04EC0-301F-11D3-BF4B-00C04F79EFBC}") = "AnimalConsoleApp", "AnimalConsoleApp\AnimalConsoleApp.csproj", "{86B0D2F6-4BC6-4843-8206-788E74835BE9}"
EndProject
Project("{FAE04EC0-301F-11D3-BF4B-00C04F79EFBC}") = "Find", "Find\Find.csproj", "{A599A670-43B6-4E15-87D6-84729D2E32E6}"
EndProject
Global
	GlobalSection(SolutionConfigurationPlatforms) = preSolution
		Debug|Any CPU = Debug|Any CPU
		Release|Any CPU = Release|Any CPU
	EndGlobalSection
	GlobalSection(ProjectConfigurationPlatforms) = postSolution
		{506A8D72-2A58-46A5-B5A1-46933F4797C2}.Debug|Any CPU.ActiveCfg = Debug|Any CPU
		{506A8D72-2A58-46A5-B5A1-46933F4797C2}.Debug|Any CPU.Build.0 = Debug|Any CPU
		{506A8D72-2A58-46A5-B5A1-46933F4797C2}.Release|Any CPU.ActiveCfg = Release|Any CPU
		{506A8D72-2A58-46A5-B5A1-46933F4797C2}.Release|Any CPU.Build.0 = Release|Any CPU
		{99B472F2-E55D-47A9-8771-F0BCD8CE1BC8}.Debug|Any CPU.ActiveCfg = Debug|Any CPU
		{99B472F2-E55D-47A9-8771-F0BCD8CE1BC8}.Debug|Any CPU.Build.0 = Debug|Any CPU
		{99B472F2-E55D-47A9-8771-F0BCD8CE1BC8}.Release|Any CPU.ActiveCfg = Release|Any CPU
		{99B472F2-E55D-47A9-8771-F0BCD8CE1BC8}.Release|Any CPU.Build.0 = Release|Any CPU
		{86B0D2F6-4BC6-4843-8206-788E74835BE9}.Debug|Any CPU.ActiveCfg = Debug|Any CPU
		{86B0D2F6-4BC6-4843-8206-788E74835BE9}.Debug|Any CPU.Build.0 = Debug|Any CPU
		{86B0D2F6-4BC6-4843-8206-788E74835BE9}.Release|Any CPU.ActiveCfg = Release|Any CPU
		{86B0D2F6-4BC6-4843-8206-788E74835BE9}.Release|Any CPU.Build.0 = Release|Any CPU
		{A599A670-43B6-4E15-87D6-84729D2E32E6}.Debug|Any CPU.ActiveCfg = Debug|Any CPU
		{A599A670-43B6-4E15-87D6-84729D2E32E6}.Debug|Any CPU.Build.0 = Debug|Any CPU
		{A599A670-43B6-4E15-87D6-84729D2E32E6}.Release|Any CPU.ActiveCfg = Release|Any CPU
		{A599A670-43B6-4E15-87D6-84729D2E32E6}.Release|Any CPU.Build.0 = Release|Any CPU
	EndGlobalSection
	GlobalSection(SolutionProperties) = preSolution
		HideSolutionNode = FALSE
	EndGlobalSection
	GlobalSection(ExtensibilityGlobals) = postSolution
		SolutionGuid = {679BBA82-3CAF-49BB-9E85-F6AF0733AF06}
	EndGlobalSection
EndGlobal
